
Microsoft Visual Studio Solution File, Format Version 12.00
# Visual Studio 15
VisualStudioVersion = 15.0.27428.2037
MinimumVisualStudioVersion = 10.0.40219.1
Project("{FAE04EC0-301F-11D3-BF4B-00C04F79EFBC}") = "BookingServer", "BookingServer\BookingServer.csproj", "{C8E6B91C-0A58-4B97-9AFD-0DD2F56527CC}"
EndProject
Global
	GlobalSection(SolutionConfigurationPlatforms) = preSolution
		Debug|Any CPU = Debug|Any CPU
		Release|Any CPU = Release|Any CPU
	EndGlobalSection
	GlobalSection(ProjectConfigurationPlatforms) = postSolution
		{C8E6B91C-0A58-4B97-9AFD-0DD2F56527CC}.Debug|Any CPU.ActiveCfg = Debug|Any CPU
		{C8E6B91C-0A58-4B97-9AFD-0DD2F56527CC}.Debug|Any CPU.Build.0 = Debug|Any CPU
		{C8E6B91C-0A58-4B97-9AFD-0DD2F56527CC}.Release|Any CPU.ActiveCfg = Release|Any CPU
		{C8E6B91C-0A58-4B97-9AFD-0DD2F56527CC}.Release|Any CPU.Build.0 = Release|Any CPU
	EndGlobalSection
	GlobalSection(SolutionProperties) = preSolution
		HideSolutionNode = FALSE
	EndGlobalSection
	GlobalSection(ExtensibilityGlobals) = postSolution
		SolutionGuid = {6A7E61E8-95F3-4C26-A408-932431FB6003}
	EndGlobalSection
EndGlobal
